lockfileVersion: '9.0'

settings:
  autoInstallPeers: true
  excludeLinksFromLockfile: false

importers:

  .:
    dependencies:
      '@openai/codex':
        specifier: 0.142.4
        version: 0.142.4

packages:

  '@openai/codex@0.142.4':
    resolution: {integrity: sha512-BW9+3Cs7tChgkc0QhUsZIDm6XgpSDSeJkljRSHhJZqDwlaxDnNVhRP/sZwhgrTn3f2jPn3jc4WTKfLOTk+g5pA==}
    engines: {node: '>=16'}
    hasBin: true

  '@openai/codex@0.142.4-darwin-arm64':
    resolution: {integrity: sha512-CfXp5jilBOxD8zLuG6Nk7w5ZPP3roE3s1rsr60za9PQKI7kaJ/5G+oP3Z0N1CoB4mpy+5JHkMLTZAZZPGFlSgQ==}
    engines: {node: '>=16'}
    cpu: [arm64]
    os: [darwin]

  '@openai/codex@0.142.4-darwin-x64':
    resolution: {integrity: sha512-H9ia31pkJFtBk+UrREAfJiTUfcvgactKbG4W4SF2LFfJOTRsrsJZGtscHQ8/lLGeKEfOk/psrbSOPDyrZnxvnQ==}
    engines: {node: '>=16'}
    cpu: [x64]
    os: [darwin]

  '@openai/codex@0.142.4-linux-arm64':
    resolution: {integrity: sha512-/bBcEm+OKmlGHH0c88jrVgYMRyaNC/hGOW/znP/PiHQEeIf4UdsUGQ7x4FAZm648140cgaeKYIBoRBbHizS+5w==}
    engines: {node: '>=16'}
    cpu: [arm64]
    os: [linux]

  '@openai/codex@0.142.4-linux-x64':
    resolution: {integrity: sha512-t3tNOkDdiO5/gRqkTmuMcAj5JjCbeWotOJzxV7pPkD2u2KvzVRrk7jPAjuy+85wPc12lsIupYgxHlK7CkVLOjA==}
    engines: {node: '>=16'}
    cpu: [x64]
    os: [linux]

  '@openai/codex@0.142.4-win32-arm64':
    resolution: {integrity: sha512-QBGeoYk3pmVscVIxeW21cvPJIjsnmD5dOTqMAzypXGik5soNIKHbps2Kj1LBKOjVbbx5qoDEbTwDfYmnjfqgdQ==}
    engines: {node: '>=16'}
    cpu: [arm64]
    os: [win32]

  '@openai/codex@0.142.4-win32-x64':
    resolution: {integrity: sha512-W0rSPT0t7FnKlJYNu9/HpHzaSOutuSSYjIVunKorYmrScXk9pQxBEhEuyn16JOtywc/2nX8nHEmWsuj2sd8suw==}
    engines: {node: '>=16'}
    cpu: [x64]
    os: [win32]

snapshots:

  '@openai/codex@0.142.4':
    optionalDependencies:
      '@openai/codex-darwin-arm64': '@openai/codex@0.142.4-darwin-arm64'
      '@openai/codex-darwin-x64': '@openai/codex@0.142.4-darwin-x64'
      '@openai/codex-linux-arm64': '@openai/codex@0.142.4-linux-arm64'
      '@openai/codex-linux-x64': '@openai/codex@0.142.4-linux-x64'
      '@openai/codex-win32-arm64': '@openai/codex@0.142.4-win32-arm64'
      '@openai/codex-win32-x64': '@openai/codex@0.142.4-win32-x64'

  '@openai/codex@0.142.4-darwin-arm64':
    optional: true

  '@openai/codex@0.142.4-darwin-x64':
    optional: true

  '@openai/codex@0.142.4-linux-arm64':
    optional: true

  '@openai/codex@0.142.4-linux-x64':
    optional: true

  '@openai/codex@0.142.4-win32-arm64':
    optional: true

  '@openai/codex@0.142.4-win32-x64':
    optional: true
